
Microsoft Visual Studio Solution File, Format Version 12.00
# Visual Studio Version 17
VisualStudioVersion = 17.7.34031.279
MinimumVisualStudioVersion = 10.0.40219.1
Project("{FAE04EC0-301F-11D3-BF4B-00C04F79EFBC}") = "SMSApp(School)", "SMSApp(School)\SMSApp(School).csproj", "{7D03BCA7-8670-4ADC-B635-9BACA59B44DB}"
EndProject
Global
	GlobalSection(SolutionConfigurationPlatforms) = preSolution
		Debug|Any CPU = Debug|Any CPU
		Release|Any CPU = Release|Any CPU
	EndGlobalSection
	GlobalSection(ProjectConfigurationPlatforms) = postSolution
		{7D03BCA7-8670-4ADC-B635-9BACA59B44DB}.Debug|Any CPU.ActiveCfg = Debug|Any CPU
		{7D03BCA7-8670-4ADC-B635-9BACA59B44DB}.Debug|Any CPU.Build.0 = Debug|Any CPU
		{7D03BCA7-8670-4ADC-B635-9BACA59B44DB}.Release|Any CPU.ActiveCfg = Release|Any CPU
		{7D03BCA7-8670-4ADC-B635-9BACA59B44DB}.Release|Any CPU.Build.0 = Release|Any CPU
	EndGlobalSection
	GlobalSection(SolutionProperties) = preSolution
		HideSolutionNode = FALSE
	EndGlobalSection
	GlobalSection(ExtensibilityGlobals) = postSolution
		SolutionGuid = {D8E6ECF6-A563-43FE-A661-3ECDBB0084DF}
	EndGlobalSection
EndGlobal
